
Microsoft Visual Studio Solution File, Format Version 12.00
# Visual Studio Version 16
VisualStudioVersion = 16.0.30621.155
MinimumVisualStudioVersion = 10.0.40219.1
Project("{D954291E-2A0B-460D-934E-DC6B0785DB48}") = "UnoSkiaWasm.Shared", "UnoSkiaWasm.Shared\UnoSkiaWasm.Shared.shproj", "{6279C845-92F8-4333-AB99-3D213163593C}"
EndProject
Project("{FAE04EC0-301F-11D3-BF4B-00C04F79EFBC}") = "UnoSkiaWasm.Droid", "UnoSkiaWasm.Droid\UnoSkiaWasm.Droid.csproj", "{E7BEE708-6671-4A43-BF69-4D21F87B3534}"
EndProject
Project("{FAE04EC0-301F-11D3-BF4B-00C04F79EFBC}") = "UnoSkiaWasm.iOS", "UnoSkiaWasm.iOS\UnoSkiaWasm.iOS.csproj", "{FB0F1A9A-12ED-4F28-AC44-D2030F8C8E4A}"
EndProject
Project("{FAE04EC0-301F-11D3-BF4B-00C04F79EFBC}") = "UnoSkiaWasm.UWP", "UnoSkiaWasm.UWP\UnoSkiaWasm.UWP.csproj", "{609B562A-5628-4FF8-BF32-F2E21033ACB4}"
EndProject
Project("{9A19103F-16F7-4668-BE54-9A1E7A4F7556}") = "UnoSkiaWasm.Wasm", "UnoSkiaWasm.Wasm\UnoSkiaWasm.Wasm.csproj", "{22FD4B44-951A-4203-AF34-B3BC652A5839}"
EndProject
Project("{FAE04EC0-301F-11D3-BF4B-00C04F79EFBC}") = "UnoSkiaWasm.macOS", "UnoSkiaWasm.macOS\UnoSkiaWasm.macOS.csproj", "{4E7B0EE8-03A4-4190-B539-9765D0E04B9D}"
EndProject
Project("{FAE04EC0-301F-11D3-BF4B-00C04F79EFBC}") = "UnoSkiaWasm.Skia.Wpf.Host", "UnoSkiaWasm.Skia.Wpf.Host\UnoSkiaWasm.Skia.Wpf.Host.csproj", "{A85DEDFA-C324-4A14-88A0-8C8BD30761CF}"
EndProject
Project("{FAE04EC0-301F-11D3-BF4B-00C04F79EFBC}") = "UnoSkiaWasm.Skia.Wpf", "UnoSkiaWasm.Skia.Wpf\UnoSkiaWasm.Skia.Wpf.csproj", "{98E686C8-9838-4DBC-BF41-6AF4FF39EB5F}"
EndProject
Project("{FAE04EC0-301F-11D3-BF4B-00C04F79EFBC}") = "UnoSkiaWasm.Skia.Gtk", "UnoSkiaWasm.Skia.Gtk\UnoSkiaWasm.Skia.Gtk.csproj", "{6BD728A9-404E-4F9C-A192-9DD56FE9D808}"
EndProject
Project("{2150E333-8FDC-42A3-9474-1A3956D46DE8}") = "Platform Projects", "Platform Projects", "{DD200535-9983-4699-BF4C-F4D79E8A8E96}"
EndProject
Global
	GlobalSection(SharedMSBuildProjectFiles) = preSolution
		UnoSkiaWasm.Shared\UnoSkiaWasm.Shared.projitems*{22fd4b44-951a-4203-af34-b3bc652a5839}*SharedItemsImports = 5
		UnoSkiaWasm.Shared\UnoSkiaWasm.Shared.projitems*{609b562a-5628-4ff8-bf32-f2e21033acb4}*SharedItemsImports = 4
		UnoSkiaWasm.Shared\UnoSkiaWasm.Shared.projitems*{6279c845-92f8-4333-ab99-3d213163593c}*SharedItemsImports = 13
		UnoSkiaWasm.Shared\UnoSkiaWasm.Shared.projitems*{e7bee708-6671-4a43-bf69-4d21f87b3534}*SharedItemsImports = 4
	EndGlobalSection
	GlobalSection(SolutionConfigurationPlatforms) = preSolution
		Ad-Hoc|Any CPU = Ad-Hoc|Any CPU
		Ad-Hoc|ARM = Ad-Hoc|ARM
		Ad-Hoc|ARM64 = Ad-Hoc|ARM64
		Ad-Hoc|iPhone = Ad-Hoc|iPhone
		Ad-Hoc|iPhoneSimulator = Ad-Hoc|iPhoneSimulator
		Ad-Hoc|x64 = Ad-Hoc|x64
		Ad-Hoc|x86 = Ad-Hoc|x86
		AppStore|Any CPU = AppStore|Any CPU
		AppStore|ARM = AppStore|ARM
		AppStore|ARM64 = AppStore|ARM64
		AppStore|iPhone = AppStore|iPhone
		AppStore|iPhoneSimulator = AppStore|iPhoneSimulator
		AppStore|x64 = AppStore|x64
		AppStore|x86 = AppStore|x86
		Debug|Any CPU = Debug|Any CPU
		Debug|ARM = Debug|ARM
		Debug|ARM64 = Debug|ARM64
		Debug|iPhone = Debug|iPhone
		Debug|iPhoneSimulator = Debug|iPhoneSimulator
		Debug|x64 = Debug|x64
		Debug|x86 = Debug|x86
		Release|Any CPU = Release|Any CPU
		Release|ARM = Release|ARM
		Release|ARM64 = Release|ARM64
		Release|iPhone = Release|iPhone
		Release|iPhoneSimulator = Release|iPhoneSimulator
		Release|x64 = Release|x64
		Release|x86 = Release|x86
	EndGlobalSection
	GlobalSection(ProjectConfigurationPlatforms) = postSolution
		{E7BEE708-6671-4A43-BF69-4D21F87B3534}.Ad-Hoc|Any CPU.ActiveCfg = Debug|Any CPU
		{E7BEE708-6671-4A43-BF69-4D21F87B3534}.Ad-Hoc|Any CPU.Build.0 = Debug|Any CPU
		{E7BEE708-6671-4A43-BF69-4D21F87B3534}.Ad-Hoc|Any CPU.Deploy.0 = Debug|Any CPU
		{E7BEE708-6671-4A43-BF69-4D21F87B3534}.Ad-Hoc|ARM.ActiveCfg = Debug|Any CPU
		{E7BEE708-6671-4A43-BF69-4D21F87B3534}.Ad-Hoc|ARM.Build.0 = Debug|Any CPU
		{E7BEE708-6671-4A43-BF69-4D21F87B3534}.Ad-Hoc|ARM.Deploy.0 = Debug|Any CPU
		{E7BEE708-6671-4A43-BF69-4D21F87B3534}.Ad-Hoc|ARM64.ActiveCfg = Debug|Any CPU
		{E7BEE708-6671-4A43-BF69-4D21F87B3534}.Ad-Hoc|ARM64.Build.0 = Debug|Any CPU
		{E7BEE708-6671-4A43-BF69-4D21F87B3534}.Ad-Hoc|ARM64.Deploy.0 = Debug|Any CPU
		{E7BEE708-6671-4A43-BF69-4D21F87B3534}.Ad-Hoc|iPhone.ActiveCfg = Debug|Any CPU
		{E7BEE708-6671-4A43-BF69-4D21F87B3534}.Ad-Hoc|iPhone.Build.0 = Debug|Any CPU
		{E7BEE708-6671-4A43-BF69-4D21F87B3534}.Ad-Hoc|iPhone.Deploy.0 = Debug|Any CPU
		{E7BEE708-6671-4A43-BF69-4D21F87B3534}.Ad-Hoc|iPhoneSimulator.ActiveCfg = Debug|Any CPU
		{E7BEE708-6671-4A43-BF69-4D21F87B3534}.Ad-Hoc|iPhoneSimulator.Build.0 = Debug|Any CPU
		{E7BEE708-6671-4A43-BF69-4D21F87B3534}.Ad-Hoc|iPhoneSimulator.Deploy.0 = Debug|Any CPU
		{E7BEE708-6671-4A43-BF69-4D21F87B3534}.Ad-Hoc|x64.ActiveCfg = Debug|Any CPU
		{E7BEE708-6671-4A43-BF69-4D21F87B3534}.Ad-Hoc|x64.Build.0 = Debug|Any CPU
		{E7BEE708-6671-4A43-BF69-4D21F87B3534}.Ad-Hoc|x64.Deploy.0 = Debug|Any CPU
		{E7BEE708-6671-4A43-BF69-4D21F87B3534}.Ad-Hoc|x86.ActiveCfg = Debug|Any CPU
		{E7BEE708-6671-4A43-BF69-4D21F87B3534}.Ad-Hoc|x86.Build.0 = Debug|Any CPU
		{E7BEE708-6671-4A43-BF69-4D21F87B3534}.Ad-Hoc|x86.Deploy.0 = Debug|Any CPU
		{E7BEE708-6671-4A43-BF69-4D21F87B3534}.AppStore|Any CPU.ActiveCfg = Debug|Any CPU
		{E7BEE708-6671-4A43-BF69-4D21F87B3534}.AppStore|Any CPU.Build.0 = Debug|Any CPU
		{E7BEE708-6671-4A43-BF69-4D21F87B3534}.AppStore|Any CPU.Deploy.0 = Debug|Any CPU
		{E7BEE708-6671-4A43-BF69-4D21F87B3534}.AppStore|ARM.ActiveCfg = Debug|Any CPU
		{E7BEE708-6671-4A43-BF69-4D21F87B3534}.AppStore|ARM.Build.0 = Debug|Any CPU
		{E7BEE708-6671-4A43-BF69-4D21F87B3534}.AppStore|ARM.Deploy.0 = Debug|Any CPU
		{E7BEE708-6671-4A43-BF69-4D21F87B3534}.AppStore|ARM64.ActiveCfg = Debug|Any CPU
		{E7BEE708-6671-4A43-BF69-4D21F87B3534}.AppStore|ARM64.Build.0 = Debug|Any CPU
		{E7BEE708-6671-4A43-BF69-4D21F87B3534}.AppStore|ARM64.Deploy.0 = Debug|Any CPU
		{E7BEE708-6671-4A43-BF69-4D21F87B3534}.AppStore|iPhone.ActiveCfg = Debug|Any CPU
		{E7BEE708-6671-4A43-BF69-4D21F87B3534}.AppStore|iPhone.Build.0 = Debug|Any CPU
		{E7BEE708-6671-4A43-BF69-4D21F87B3534}.AppStore|iPhone.Deploy.0 = Debug|Any CPU
		{E7BEE708-6671-4A43-BF69-4D21F87B3534}.AppStore|iPhoneSimulator.ActiveCfg = Debug|Any CPU
		{E7BEE708-6671-4A43-BF69-4D21F87B3534}.AppStore|iPhoneSimulator.Build.0 = Debug|Any CPU
		{E7BEE708-6671-4A43-BF69-4D21F87B3534}.AppStore|iPhoneSimulator.Deploy.0 = Debug|Any CPU
		{E7BEE708-6671-4A43-BF69-4D21F87B3534}.AppStore|x64.ActiveCfg = Debug|Any CPU
		{E7BEE708-6671-4A43-BF69-4D21F87B3534}.AppStore|x64.Build.0 = Debug|Any CPU
		{E7BEE708-6671-4A43-BF69-4D21F87B3534}.AppStore|x64.Deploy.0 = Debug|Any CPU
		{E7BEE708-6671-4A43-BF69-4D21F87B3534}.AppStore|x86.ActiveCfg = Debug|Any CPU
		{E7BEE708-6671-4A43-BF69-4D21F87B3534}.AppStore|x86.Build.0 = Debug|Any CPU
		{E7BEE708-6671-4A43-BF69-4D21F87B3534}.AppStore|x86.Deploy.0 = Debug|Any CPU
		{E7BEE708-6671-4A43-BF69-4D21F87B3534}.Debug|Any CPU.ActiveCfg = Debug|Any CPU
		{E7BEE708-6671-4A43-BF69-4D21F87B3534}.Debug|Any CPU.Build.0 = Debug|Any CPU
		{E7BEE708-6671-4A43-BF69-4D21F87B3534}.Debug|Any CPU.Deploy.0 = Debug|Any CPU
		{E7BEE708-6671-4A43-BF69-4D21F87B3534}.Debug|ARM.ActiveCfg = Debug|Any CPU
		{E7BEE708-6671-4A43-BF69-4D21F87B3534}.Debug|ARM.Build.0 = Debug|Any CPU
		{E7BEE708-6671-4A43-BF69-4D21F87B3534}.Debug|ARM.Deploy.0 = Debug|Any CPU
		{E7BEE708-6671-4A43-BF69-4D21F87B3534}.Debug|ARM64.ActiveCfg = Debug|Any CPU
		{E7BEE708-6671-4A43-BF69-4D21F87B3534}.Debug|ARM64.Build.0 = Debug|Any CPU
		{E7BEE708-6671-4A43-BF69-4D21F87B3534}.Debug|ARM64.Deploy.0 = Debug|Any CPU
		{E7BEE708-6671-4A43-BF69-4D21F87B3534}.Debug|iPhone.ActiveCfg = Debug|Any CPU
		{E7BEE708-6671-4A43-BF69-4D21F87B3534}.Debug|iPhone.Build.0 = Debug|Any CPU
		{E7BEE708-6671-4A43-BF69-4D21F87B3534}.Debug|iPhone.Deploy.0 = Debug|Any CPU
		{E7BEE708-6671-4A43-BF69-4D21F87B3534}.Debug|iPhoneSimulator.ActiveCfg = Debug|Any CPU
		{E7BEE708-6671-4A43-BF69-4D21F87B3534}.Debug|iPhoneSimulator.Build.0 = Debug|Any CPU
		{E7BEE708-6671-4A43-BF69-4D21F87B3534}.Debug|iPhoneSimulator.Deploy.0 = Debug|Any CPU
		{E7BEE708-6671-4A43-BF69-4D21F87B3534}.Debug|x64.ActiveCfg = Debug|Any CPU
		{E7BEE708-6671-4A43-BF69-4D21F87B3534}.Debug|x64.Build.0 = Debug|Any CPU
		{E7BEE708-6671-4A43-BF69-4D21F87B3534}.Debug|x64.Deploy.0 = Debug|Any CPU
		{E7BEE708-6671-4A43-BF69-4D21F87B3534}.Debug|x86.ActiveCfg = Debug|Any CPU
		{E7BEE708-6671-4A43-BF69-4D21F87B3534}.Debug|x86.Build.0 = Debug|Any CPU
		{E7BEE708-6671-4A43-BF69-4D21F87B3534}.Debug|x86.Deploy.0 = Debug|Any CPU
		{E7BEE708-6671-4A43-BF69-4D21F87B3534}.Release|Any CPU.ActiveCfg = Release|Any CPU
		{E7BEE708-6671-4A43-BF69-4D21F87B3534}.Release|Any CPU.Build.0 = Release|Any CPU
		{E7BEE708-6671-4A43-BF69-4D21F87B3534}.Release|Any CPU.Deploy.0 = Release|Any CPU
		{E7BEE708-6671-4A43-BF69-4D21F87B3534}.Release|ARM.ActiveCfg = Release|Any CPU
		{E7BEE708-6671-4A43-BF69-4D21F87B3534}.Release|ARM.Build.0 = Release|Any CPU
		{E7BEE708-6671-4A43-BF69-4D21F87B3534}.Release|ARM.Deploy.0 = Release|Any CPU
		{E7BEE708-6671-4A43-BF69-4D21F87B3534}.Release|ARM64.ActiveCfg = Release|Any CPU
		{E7BEE708-6671-4A43-BF69-4D21F87B3534}.Release|ARM64.Build.0 = Release|Any CPU
		{E7BEE708-6671-4A43-BF69-4D21F87B3534}.Release|ARM64.Deploy.0 = Release|Any CPU
		{E7BEE708-6671-4A43-BF69-4D21F87B3534}.Release|iPhone.ActiveCfg = Release|Any CPU
		{E7BEE708-6671-4A43-BF69-4D21F87B3534}.Release|iPhone.Build.0 = Release|Any CPU
		{E7BEE708-6671-4A43-BF69-4D21F87B3534}.Release|iPhone.Deploy.0 = Release|Any CPU
		{E7BEE708-6671-4A43-BF69-4D21F87B3534}.Release|iPhoneSimulator.ActiveCfg = Release|Any CPU
		{E7BEE708-6671-4A43-BF69-4D21F87B3534}.Release|iPhoneSimulator.Build.0 = Release|Any CPU
		{E7BEE708-6671-4A43-BF69-4D21F87B3534}.Release|iPhoneSimulator.Deploy.0 = Release|Any CPU
		{E7BEE708-6671-4A43-BF69-4D21F87B3534}.Release|x64.ActiveCfg = Release|Any CPU
		{E7BEE708-6671-4A43-BF69-4D21F87B3534}.Release|x64.Build.0 = Release|Any CPU
		{E7BEE708-6671-4A43-BF69-4D21F87B3534}.Release|x64.Deploy.0 = Release|Any CPU
		{E7BEE708-6671-4A43-BF69-4D21F87B3534}.Release|x86.ActiveCfg = Release|Any CPU
		{E7BEE708-6671-4A43-BF69-4D21F87B3534}.Release|x86.Build.0 = Release|Any CPU
		{E7BEE708-6671-4A43-BF69-4D21F87B3534}.Release|x86.Deploy.0 = Release|Any CPU
		{FB0F1A9A-12ED-4F28-AC44-D2030F8C8E4A}.Ad-Hoc|Any CPU.ActiveCfg = Ad-Hoc|iPhoneSimulator
		{FB0F1A9A-12ED-4F28-AC44-D2030F8C8E4A}.Ad-Hoc|ARM.ActiveCfg = Ad-Hoc|iPhoneSimulator
		{FB0F1A9A-12ED-4F28-AC44-D2030F8C8E4A}.Ad-Hoc|ARM64.ActiveCfg = Ad-Hoc|iPhoneSimulator
		{FB0F1A9A-12ED-4F28-AC44-D2030F8C8E4A}.Ad-Hoc|iPhone.ActiveCfg = Ad-Hoc|iPhone
		{FB0F1A9A-12ED-4F28-AC44-D2030F8C8E4A}.Ad-Hoc|iPhone.Build.0 = Ad-Hoc|iPhone
		{FB0F1A9A-12ED-4F28-AC44-D2030F8C8E4A}.Ad-Hoc|iPhoneSimulator.ActiveCfg = Ad-Hoc|iPhoneSimulator
		{FB0F1A9A-12ED-4F28-AC44-D2030F8C8E4A}.Ad-Hoc|iPhoneSimulator.Build.0 = Ad-Hoc|iPhoneSimulator
		{FB0F1A9A-12ED-4F28-AC44-D2030F8C8E4A}.Ad-Hoc|x64.ActiveCfg = Ad-Hoc|iPhoneSimulator
		{FB0F1A9A-12ED-4F28-AC44-D2030F8C8E4A}.Ad-Hoc|x86.ActiveCfg = Ad-Hoc|iPhoneSimulator
		{FB0F1A9A-12ED-4F28-AC44-D2030F8C8E4A}.AppStore|Any CPU.ActiveCfg = AppStore|iPhoneSimulator
		{FB0F1A9A-12ED-4F28-AC44-D2030F8C8E4A}.AppStore|ARM.ActiveCfg = AppStore|iPhoneSimulator
		{FB0F1A9A-12ED-4F28-AC44-D2030F8C8E4A}.AppStore|ARM64.ActiveCfg = AppStore|iPhoneSimulator
		{FB0F1A9A-12ED-4F28-AC44-D2030F8C8E4A}.AppStore|iPhone.ActiveCfg = AppStore|iPhone
		{FB0F1A9A-12ED-4F28-AC44-D2030F8C8E4A}.AppStore|iPhone.Build.0 = AppStore|iPhone
		{FB0F1A9A-12ED-4F28-AC44-D2030F8C8E4A}.AppStore|iPhoneSimulator.ActiveCfg = AppStore|iPhoneSimulator
		{FB0F1A9A-12ED-4F28-AC44-D2030F8C8E4A}.AppStore|iPhoneSimulator.Build.0 = AppStore|iPhoneSimulator
		{FB0F1A9A-12ED-4F28-AC44-D2030F8C8E4A}.AppStore|x64.ActiveCfg = AppStore|iPhoneSimulator
		{FB0F1A9A-12ED-4F28-AC44-D2030F8C8E4A}.AppStore|x86.ActiveCfg = AppStore|iPhoneSimulator
		{FB0F1A9A-12ED-4F28-AC44-D2030F8C8E4A}.Debug|Any CPU.ActiveCfg = Debug|iPhoneSimulator
		{FB0F1A9A-12ED-4F28-AC44-D2030F8C8E4A}.Debug|ARM.ActiveCfg = Debug|iPhoneSimulator
		{FB0F1A9A-12ED-4F28-AC44-D2030F8C8E4A}.Debug|ARM64.ActiveCfg = Debug|iPhoneSimulator
		{FB0F1A9A-12ED-4F28-AC44-D2030F8C8E4A}.Debug|iPhone.ActiveCfg = Debug|iPhone
		{FB0F1A9A-12ED-4F28-AC44-D2030F8C8E4A}.Debug|iPhone.Build.0 = Debug|iPhone
		{FB0F1A9A-12ED-4F28-AC44-D2030F8C8E4A}.Debug|iPhoneSimulator.ActiveCfg = Debug|iPhoneSimulator
		{FB0F1A9A-12ED-4F28-AC44-D2030F8C8E4A}.Debug|iPhoneSimulator.Build.0 = Debug|iPhoneSimulator
		{FB0F1A9A-12ED-4F28-AC44-D2030F8C8E4A}.Debug|x64.ActiveCfg = Debug|iPhoneSimulator
		{FB0F1A9A-12ED-4F28-AC44-D2030F8C8E4A}.Debug|x86.ActiveCfg = Debug|iPhoneSimulator
		{FB0F1A9A-12ED-4F28-AC44-D2030F8C8E4A}.Release|Any CPU.ActiveCfg = Release|iPhoneSimulator
		{FB0F1A9A-12ED-4F28-AC44-D2030F8C8E4A}.Release|ARM.ActiveCfg = Release|iPhoneSimulator
		{FB0F1A9A-12ED-4F28-AC44-D2030F8C8E4A}.Release|ARM64.ActiveCfg = Release|iPhoneSimulator
		{FB0F1A9A-12ED-4F28-AC44-D2030F8C8E4A}.Release|iPhone.ActiveCfg = Release|iPhone
		{FB0F1A9A-12ED-4F28-AC44-D2030F8C8E4A}.Release|iPhone.Build.0 = Release|iPhone
		{FB0F1A9A-12ED-4F28-AC44-D2030F8C8E4A}.Release|iPhoneSimulator.ActiveCfg = Release|iPhoneSimulator
		{FB0F1A9A-12ED-4F28-AC44-D2030F8C8E4A}.Release|iPhoneSimulator.Build.0 = Release|iPhoneSimulator
		{FB0F1A9A-12ED-4F28-AC44-D2030F8C8E4A}.Release|x64.ActiveCfg = Release|iPhoneSimulator
		{FB0F1A9A-12ED-4F28-AC44-D2030F8C8E4A}.Release|x86.ActiveCfg = Release|iPhoneSimulator
		{609B562A-5628-4FF8-BF32-F2E21033ACB4}.Ad-Hoc|Any CPU.ActiveCfg = Debug|x86
		{609B562A-5628-4FF8-BF32-F2E21033ACB4}.Ad-Hoc|Any CPU.Build.0 = Debug|x86
		{609B562A-5628-4FF8-BF32-F2E21033ACB4}.Ad-Hoc|Any CPU.Deploy.0 = Debug|x86
		{609B562A-5628-4FF8-BF32-F2E21033ACB4}.Ad-Hoc|ARM.ActiveCfg = Debug|ARM
		{609B562A-5628-4FF8-BF32-F2E21033ACB4}.Ad-Hoc|ARM.Build.0 = Debug|ARM
		{609B562A-5628-4FF8-BF32-F2E21033ACB4}.Ad-Hoc|ARM.Deploy.0 = Debug|ARM
		{609B562A-5628-4FF8-BF32-F2E21033ACB4}.Ad-Hoc|ARM64.ActiveCfg = Debug|ARM64
		{609B562A-5628-4FF8-BF32-F2E21033ACB4}.Ad-Hoc|ARM64.Build.0 = Debug|ARM64
		{609B562A-5628-4FF8-BF32-F2E21033ACB4}.Ad-Hoc|ARM64.Deploy.0 = Debug|ARM64
		{609B562A-5628-4FF8-BF32-F2E21033ACB4}.Ad-Hoc|iPhone.ActiveCfg = Debug|x86
		{609B562A-5628-4FF8-BF32-F2E21033ACB4}.Ad-Hoc|iPhone.Build.0 = Debug|x86
		{609B562A-5628-4FF8-BF32-F2E21033ACB4}.Ad-Hoc|iPhone.Deploy.0 = Debug|x86
		{609B562A-5628-4FF8-BF32-F2E21033ACB4}.Ad-Hoc|iPhoneSimulator.ActiveCfg = Debug|x86
		{609B562A-5628-4FF8-BF32-F2E21033ACB4}.Ad-Hoc|iPhoneSimulator.Build.0 = Debug|x86
		{609B562A-5628-4FF8-BF32-F2E21033ACB4}.Ad-Hoc|iPhoneSimulator.Deploy.0 = Debug|x86
		{609B562A-5628-4FF8-BF32-F2E21033ACB4}.Ad-Hoc|x64.ActiveCfg = Debug|x64
		{609B562A-5628-4FF8-BF32-F2E21033ACB4}.Ad-Hoc|x64.Build.0 = Debug|x64
		{609B562A-5628-4FF8-BF32-F2E21033ACB4}.Ad-Hoc|x64.Deploy.0 = Debug|x64
		{609B562A-5628-4FF8-BF32-F2E21033ACB4}.Ad-Hoc|x86.ActiveCfg = Debug|x86
		{609B562A-5628-4FF8-BF32-F2E21033ACB4}.Ad-Hoc|x86.Build.0 = Debug|x86
		{609B562A-5628-4FF8-BF32-F2E21033ACB4}.Ad-Hoc|x86.Deploy.0 = Debug|x86
		{609B562A-5628-4FF8-BF32-F2E21033ACB4}.AppStore|Any CPU.ActiveCfg = Debug|x86
		{609B562A-5628-4FF8-BF32-F2E21033ACB4}.AppStore|Any CPU.Build.0 = Debug|x86
		{609B562A-5628-4FF8-BF32-F2E21033ACB4}.AppStore|Any CPU.Deploy.0 = Debug|x86
		{609B562A-5628-4FF8-BF32-F2E21033ACB4}.AppStore|ARM.ActiveCfg = Debug|ARM
		{609B562A-5628-4FF8-BF32-F2E21033ACB4}.AppStore|ARM.Build.0 = Debug|ARM
		{609B562A-5628-4FF8-BF32-F2E21033ACB4}.AppStore|ARM.Deploy.0 = Debug|ARM
		{609B562A-5628-4FF8-BF32-F2E21033ACB4}.AppStore|ARM64.ActiveCfg = Debug|ARM64
		{609B562A-5628-4FF8-BF32-F2E21033ACB4}.AppStore|ARM64.Build.0 = Debug|ARM64
		{609B562A-5628-4FF8-BF32-F2E21033ACB4}.AppStore|ARM64.Deploy.0 = Debug|ARM64
		{609B562A-5628-4FF8-BF32-F2E21033ACB4}.AppStore|iPhone.ActiveCfg = Debug|x86
		{609B562A-5628-4FF8-BF32-F2E21033ACB4}.AppStore|iPhone.Build.0 = Debug|x86
		{609B562A-5628-4FF8-BF32-F2E21033ACB4}.AppStore|iPhone.Deploy.0 = Debug|x86
		{609B562A-5628-4FF8-BF32-F2E21033ACB4}.AppStore|iPhoneSimulator.ActiveCfg = Debug|x86
		{609B562A-5628-4FF8-BF32-F2E21033ACB4}.AppStore|iPhoneSimulator.Build.0 = Debug|x86
		{609B562A-5628-4FF8-BF32-F2E21033ACB4}.AppStore|iPhoneSimulator.Deploy.0 = Debug|x86
		{609B562A-5628-4FF8-BF32-F2E21033ACB4}.AppStore|x64.ActiveCfg = Debug|x64
		{609B562A-5628-4FF8-BF32-F2E21033ACB4}.AppStore|x64.Build.0 = Debug|x64
		{609B562A-5628-4FF8-BF32-F2E21033ACB4}.AppStore|x64.Deploy.0 = Debug|x64
		{609B562A-5628-4FF8-BF32-F2E21033ACB4}.AppStore|x86.ActiveCfg = Debug|x86
		{609B562A-5628-4FF8-BF32-F2E21033ACB4}.AppStore|x86.Build.0 = Debug|x86
		{609B562A-5628-4FF8-BF32-F2E21033ACB4}.AppStore|x86.Deploy.0 = Debug|x86
		{609B562A-5628-4FF8-BF32-F2E21033ACB4}.Debug|Any CPU.ActiveCfg = Debug|x86
		{609B562A-5628-4FF8-BF32-F2E21033ACB4}.Debug|Any CPU.Build.0 = Debug|x86
		{609B562A-5628-4FF8-BF32-F2E21033ACB4}.Debug|Any CPU.Deploy.0 = Debug|x86
		{609B562A-5628-4FF8-BF32-F2E21033ACB4}.Debug|ARM.ActiveCfg = Debug|ARM
		{609B562A-5628-4FF8-BF32-F2E21033ACB4}.Debug|ARM.Build.0 = Debug|ARM
		{609B562A-5628-4FF8-BF32-F2E21033ACB4}.Debug|ARM.Deploy.0 = Debug|ARM
		{609B562A-5628-4FF8-BF32-F2E21033ACB4}.Debug|ARM64.ActiveCfg = Debug|ARM64
		{609B562A-5628-4FF8-BF32-F2E21033ACB4}.Debug|ARM64.Build.0 = Debug|ARM64
		{609B562A-5628-4FF8-BF32-F2E21033ACB4}.Debug|ARM64.Deploy.0 = Debug|ARM64
		{609B562A-5628-4FF8-BF32-F2E21033ACB4}.Debug|iPhone.ActiveCfg = Debug|x86
		{609B562A-5628-4FF8-BF32-F2E21033ACB4}.Debug|iPhoneSimulator.ActiveCfg = Debug|x86
		{609B562A-5628-4FF8-BF32-F2E21033ACB4}.Debug|x64.ActiveCfg = Debug|x64
		{609B562A-5628-4FF8-BF32-F2E21033ACB4}.Debug|x64.Build.0 = Debug|x64
		{609B562A-5628-4FF8-BF32-F2E21033ACB4}.Debug|x64.Deploy.0 = Debug|x64
		{609B562A-5628-4FF8-BF32-F2E21033ACB4}.Debug|x86.ActiveCfg = Debug|x86
		{609B562A-5628-4FF8-BF32-F2E21033ACB4}.Debug|x86.Build.0 = Debug|x86
		{609B562A-5628-4FF8-BF32-F2E21033ACB4}.Debug|x86.Deploy.0 = Debug|x86
		{609B562A-5628-4FF8-BF32-F2E21033ACB4}.Release|Any CPU.ActiveCfg = Release|x86
		{609B562A-5628-4FF8-BF32-F2E21033ACB4}.Release|ARM.ActiveCfg = Release|ARM
		{609B562A-5628-4FF8-BF32-F2E21033ACB4}.Release|ARM.Build.0 = Release|ARM
		{609B562A-5628-4FF8-BF32-F2E21033ACB4}.Release|ARM.Deploy.0 = Release|ARM
		{609B562A-5628-4FF8-BF32-F2E21033ACB4}.Release|ARM64.ActiveCfg = Release|ARM64
		{609B562A-5628-4FF8-BF32-F2E21033ACB4}.Release|ARM64.Build.0 = Release|ARM64
		{609B562A-5628-4FF8-BF32-F2E21033ACB4}.Release|ARM64.Deploy.0 = Release|ARM64
		{609B562A-5628-4FF8-BF32-F2E21033ACB4}.Release|iPhone.ActiveCfg = Release|x86
		{609B562A-5628-4FF8-BF32-F2E21033ACB4}.Release|iPhoneSimulator.ActiveCfg = Release|x86
		{609B562A-5628-4FF8-BF32-F2E21033ACB4}.Release|x64.ActiveCfg = Release|x64
		{609B562A-5628-4FF8-BF32-F2E21033ACB4}.Release|x64.Build.0 = Release|x64
		{609B562A-5628-4FF8-BF32-F2E21033ACB4}.Release|x64.Deploy.0 = Release|x64
		{609B562A-5628-4FF8-BF32-F2E21033ACB4}.Release|x86.ActiveCfg = Release|x86
		{609B562A-5628-4FF8-BF32-F2E21033ACB4}.Release|x86.Build.0 = Release|x86
		{609B562A-5628-4FF8-BF32-F2E21033ACB4}.Release|x86.Deploy.0 = Release|x86
		{22FD4B44-951A-4203-AF34-B3BC652A5839}.Ad-Hoc|Any CPU.ActiveCfg = Release|Any CPU
		{22FD4B44-951A-4203-AF34-B3BC652A5839}.Ad-Hoc|Any CPU.Build.0 = Release|Any CPU
		{22FD4B44-951A-4203-AF34-B3BC652A5839}.Ad-Hoc|ARM.ActiveCfg = Release|Any CPU
		{22FD4B44-951A-4203-AF34-B3BC652A5839}.Ad-Hoc|ARM.Build.0 = Release|Any CPU
		{22FD4B44-951A-4203-AF34-B3BC652A5839}.Ad-Hoc|ARM64.ActiveCfg = Release|Any CPU
		{22FD4B44-951A-4203-AF34-B3BC652A5839}.Ad-Hoc|ARM64.Build.0 = Release|Any CPU
		{22FD4B44-951A-4203-AF34-B3BC652A5839}.Ad-Hoc|iPhone.ActiveCfg = Release|Any CPU
		{22FD4B44-951A-4203-AF34-B3BC652A5839}.Ad-Hoc|iPhone.Build.0 = Release|Any CPU
		{22FD4B44-951A-4203-AF34-B3BC652A5839}.Ad-Hoc|iPhoneSimulator.ActiveCfg = Release|Any CPU
		{22FD4B44-951A-4203-AF34-B3BC652A5839}.Ad-Hoc|iPhoneSimulator.Build.0 = Release|Any CPU
		{22FD4B44-951A-4203-AF34-B3BC652A5839}.Ad-Hoc|x64.ActiveCfg = Release|Any CPU
		{22FD4B44-951A-4203-AF34-B3BC652A5839}.Ad-Hoc|x64.Build.0 = Release|Any CPU
		{22FD4B44-951A-4203-AF34-B3BC652A5839}.Ad-Hoc|x86.ActiveCfg = Release|Any CPU
		{22FD4B44-951A-4203-AF34-B3BC652A5839}.Ad-Hoc|x86.Build.0 = Release|Any CPU
		{22FD4B44-951A-4203-AF34-B3BC652A5839}.AppStore|Any CPU.ActiveCfg = Release|Any CPU
		{22FD4B44-951A-4203-AF34-B3BC652A5839}.AppStore|Any CPU.Build.0 = Release|Any CPU
		{22FD4B44-951A-4203-AF34-B3BC652A5839}.AppStore|ARM.ActiveCfg = Release|Any CPU
		{22FD4B44-951A-4203-AF34-B3BC652A5839}.AppStore|ARM.Build.0 = Release|Any CPU
		{22FD4B44-951A-4203-AF34-B3BC652A5839}.AppStore|ARM64.ActiveCfg = Release|Any CPU
		{22FD4B44-951A-4203-AF34-B3BC652A5839}.AppStore|ARM64.Build.0 = Release|Any CPU
		{22FD4B44-951A-4203-AF34-B3BC652A5839}.AppStore|iPhone.ActiveCfg = Release|Any CPU
		{22FD4B44-951A-4203-AF34-B3BC652A5839}.AppStore|iPhone.Build.0 = Release|Any CPU
		{22FD4B44-951A-4203-AF34-B3BC652A5839}.AppStore|iPhoneSimulator.ActiveCfg = Release|Any CPU
		{22FD4B44-951A-4203-AF34-B3BC652A5839}.AppStore|iPhoneSimulator.Build.0 = Release|Any CPU
		{22FD4B44-951A-4203-AF34-B3BC652A5839}.AppStore|x64.ActiveCfg = Release|Any CPU
		{22FD4B44-951A-4203-AF34-B3BC652A5839}.AppStore|x64.Build.0 = Release|Any CPU
		{22FD4B44-951A-4203-AF34-B3BC652A5839}.AppStore|x86.ActiveCfg = Release|Any CPU
		{22FD4B44-951A-4203-AF34-B3BC652A5839}.AppStore|x86.Build.0 = Release|Any CPU
		{22FD4B44-951A-4203-AF34-B3BC652A5839}.Debug|Any CPU.ActiveCfg = Debug|Any CPU
		{22FD4B44-951A-4203-AF34-B3BC652A5839}.Debug|Any CPU.Build.0 = Debug|Any CPU
		{22FD4B44-951A-4203-AF34-B3BC652A5839}.Debug|ARM.ActiveCfg = Debug|Any CPU
		{22FD4B44-951A-4203-AF34-B3BC652A5839}.Debug|ARM.Build.0 = Debug|Any CPU
		{22FD4B44-951A-4203-AF34-B3BC652A5839}.Debug|ARM64.ActiveCfg = Debug|Any CPU
		{22FD4B44-951A-4203-AF34-B3BC652A5839}.Debug|ARM64.Build.0 = Debug|Any CPU
		{22FD4B44-951A-4203-AF34-B3BC652A5839}.Debug|iPhone.ActiveCfg = Debug|Any CPU
		{22FD4B44-951A-4203-AF34-B3BC652A5839}.Debug|iPhone.Build.0 = Debug|Any CPU
		{22FD4B44-951A-4203-AF34-B3BC652A5839}.Debug|iPhoneSimulator.ActiveCfg = Debug|Any CPU
		{22FD4B44-951A-4203-AF34-B3BC652A5839}.Debug|iPhoneSimulator.Build.0 = Debug|Any CPU
		{22FD4B44-951A-4203-AF34-B3BC652A5839}.Debug|x64.ActiveCfg = Debug|Any CPU
		{22FD4B44-951A-4203-AF34-B3BC652A5839}.Debug|x64.Build.0 = Debug|Any CPU
		{22FD4B44-951A-4203-AF34-B3BC652A5839}.Debug|x86.ActiveCfg = Debug|Any CPU
		{22FD4B44-951A-4203-AF34-B3BC652A5839}.Debug|x86.Build.0 = Debug|Any CPU
		{22FD4B44-951A-4203-AF34-B3BC652A5839}.Release|Any CPU.ActiveCfg = Release|Any CPU
		{22FD4B44-951A-4203-AF34-B3BC652A5839}.Release|Any CPU.Build.0 = Release|Any CPU
		{22FD4B44-951A-4203-AF34-B3BC652A5839}.Release|ARM.ActiveCfg = Release|Any CPU
		{22FD4B44-951A-4203-AF34-B3BC652A5839}.Release|ARM.Build.0 = Release|Any CPU
		{22FD4B44-951A-4203-AF34-B3BC652A5839}.Release|ARM64.ActiveCfg = Release|Any CPU
		{22FD4B44-951A-4203-AF34-B3BC652A5839}.Release|ARM64.Build.0 = Release|Any CPU
		{22FD4B44-951A-4203-AF34-B3BC652A5839}.Release|iPhone.ActiveCfg = Release|Any CPU
		{22FD4B44-951A-4203-AF34-B3BC652A5839}.Release|iPhone.Build.0 = Release|Any CPU
		{22FD4B44-951A-4203-AF34-B3BC652A5839}.Release|iPhoneSimulator.ActiveCfg = Release|Any CPU
		{22FD4B44-951A-4203-AF34-B3BC652A5839}.Release|iPhoneSimulator.Build.0 = Release|Any CPU
		{22FD4B44-951A-4203-AF34-B3BC652A5839}.Release|x64.ActiveCfg = Release|Any CPU
		{22FD4B44-951A-4203-AF34-B3BC652A5839}.Release|x64.Build.0 = Release|Any CPU
		{22FD4B44-951A-4203-AF34-B3BC652A5839}.Release|x86.ActiveCfg = Release|Any CPU
		{22FD4B44-951A-4203-AF34-B3BC652A5839}.Release|x86.Build.0 = Release|Any CPU
		{4E7B0EE8-03A4-4190-B539-9765D0E04B9D}.Ad-Hoc|Any CPU.ActiveCfg = Debug|iPhoneSimulator
		{4E7B0EE8-03A4-4190-B539-9765D0E04B9D}.Ad-Hoc|Any CPU.Build.0 = Debug|iPhoneSimulator
		{4E7B0EE8-03A4-4190-B539-9765D0E04B9D}.Ad-Hoc|ARM.ActiveCfg = Debug|iPhoneSimulator
		{4E7B0EE8-03A4-4190-B539-9765D0E04B9D}.Ad-Hoc|ARM.Build.0 = Debug|iPhoneSimulator
		{4E7B0EE8-03A4-4190-B539-9765D0E04B9D}.Ad-Hoc|ARM64.ActiveCfg = Debug|iPhoneSimulator
		{4E7B0EE8-03A4-4190-B539-9765D0E04B9D}.Ad-Hoc|ARM64.Build.0 = Debug|iPhoneSimulator
		{4E7B0EE8-03A4-4190-B539-9765D0E04B9D}.Ad-Hoc|iPhone.ActiveCfg = Debug|iPhoneSimulator
		{4E7B0EE8-03A4-4190-B539-9765D0E04B9D}.Ad-Hoc|iPhone.Build.0 = Debug|iPhoneSimulator
		{4E7B0EE8-03A4-4190-B539-9765D0E04B9D}.Ad-Hoc|iPhoneSimulator.ActiveCfg = Debug|iPhoneSimulator
		{4E7B0EE8-03A4-4190-B539-9765D0E04B9D}.Ad-Hoc|iPhoneSimulator.Build.0 = Debug|iPhoneSimulator
		{4E7B0EE8-03A4-4190-B539-9765D0E04B9D}.Ad-Hoc|x64.ActiveCfg = Debug|iPhoneSimulator
		{4E7B0EE8-03A4-4190-B539-9765D0E04B9D}.Ad-Hoc|x64.Build.0 = Debug|iPhoneSimulator
		{4E7B0EE8-03A4-4190-B539-9765D0E04B9D}.Ad-Hoc|x86.ActiveCfg = Debug|iPhoneSimulator
		{4E7B0EE8-03A4-4190-B539-9765D0E04B9D}.Ad-Hoc|x86.Build.0 = Debug|iPhoneSimulator
		{4E7B0EE8-03A4-4190-B539-9765D0E04B9D}.AppStore|Any CPU.ActiveCfg = Debug|iPhoneSimulator
		{4E7B0EE8-03A4-4190-B539-9765D0E04B9D}.AppStore|Any CPU.Build.0 = Debug|iPhoneSimulator
		{4E7B0EE8-03A4-4190-B539-9765D0E04B9D}.AppStore|ARM.ActiveCfg = Debug|iPhoneSimulator
		{4E7B0EE8-03A4-4190-B539-9765D0E04B9D}.AppStore|ARM.Build.0 = Debug|iPhoneSimulator
		{4E7B0EE8-03A4-4190-B539-9765D0E04B9D}.AppStore|ARM64.ActiveCfg = Debug|iPhoneSimulator
		{4E7B0EE8-03A4-4190-B539-9765D0E04B9D}.AppStore|ARM64.Build.0 = Debug|iPhoneSimulator
		{4E7B0EE8-03A4-4190-B539-9765D0E04B9D}.AppStore|iPhone.ActiveCfg = Debug|iPhoneSimulator
		{4E7B0EE8-03A4-4190-B539-9765D0E04B9D}.AppStore|iPhone.Build.0 = Debug|iPhoneSimulator
		{4E7B0EE8-03A4-4190-B539-9765D0E04B9D}.AppStore|iPhoneSimulator.ActiveCfg = Debug|iPhoneSimulator
		{4E7B0EE8-03A4-4190-B539-9765D0E04B9D}.AppStore|iPhoneSimulator.Build.0 = Debug|iPhoneSimulator
		{4E7B0EE8-03A4-4190-B539-9765D0E04B9D}.AppStore|x64.ActiveCfg = Debug|iPhoneSimulator
		{4E7B0EE8-03A4-4190-B539-9765D0E04B9D}.AppStore|x64.Build.0 = Debug|iPhoneSimulator
		{4E7B0EE8-03A4-4190-B539-9765D0E04B9D}.AppStore|x86.ActiveCfg = Debug|iPhoneSimulator
		{4E7B0EE8-03A4-4190-B539-9765D0E04B9D}.AppStore|x86.Build.0 = Debug|iPhoneSimulator
		{4E7B0EE8-03A4-4190-B539-9765D0E04B9D}.Debug|Any CPU.ActiveCfg = Debug|iPhoneSimulator
		{4E7B0EE8-03A4-4190-B539-9765D0E04B9D}.Debug|ARM.ActiveCfg = Debug|iPhoneSimulator
		{4E7B0EE8-03A4-4190-B539-9765D0E04B9D}.Debug|ARM64.ActiveCfg = Debug|iPhoneSimulator
		{4E7B0EE8-03A4-4190-B539-9765D0E04B9D}.Debug|iPhone.ActiveCfg = Debug|iPhoneSimulator
		{4E7B0EE8-03A4-4190-B539-9765D0E04B9D}.Debug|iPhoneSimulator.ActiveCfg = Debug|iPhoneSimulator
		{4E7B0EE8-03A4-4190-B539-9765D0E04B9D}.Debug|iPhoneSimulator.Build.0 = Debug|iPhoneSimulator
		{4E7B0EE8-03A4-4190-B539-9765D0E04B9D}.Debug|x64.ActiveCfg = Debug|iPhoneSimulator
		{4E7B0EE8-03A4-4190-B539-9765D0E04B9D}.Debug|x86.ActiveCfg = Debug|iPhoneSimulator
		{4E7B0EE8-03A4-4190-B539-9765D0E04B9D}.Release|Any CPU.ActiveCfg = Release|iPhoneSimulator
		{4E7B0EE8-03A4-4190-B539-9765D0E04B9D}.Release|ARM.ActiveCfg = Release|iPhoneSimulator
		{4E7B0EE8-03A4-4190-B539-9765D0E04B9D}.Release|ARM64.ActiveCfg = Release|iPhoneSimulator
		{4E7B0EE8-03A4-4190-B539-9765D0E04B9D}.Release|iPhone.ActiveCfg = Release|iPhoneSimulator
		{4E7B0EE8-03A4-4190-B539-9765D0E04B9D}.Release|iPhoneSimulator.ActiveCfg = Release|iPhoneSimulator
		{4E7B0EE8-03A4-4190-B539-9765D0E04B9D}.Release|iPhoneSimulator.Build.0 = Release|iPhoneSimulator
		{4E7B0EE8-03A4-4190-B539-9765D0E04B9D}.Release|x64.ActiveCfg = Release|iPhoneSimulator
		{4E7B0EE8-03A4-4190-B539-9765D0E04B9D}.Release|x86.ActiveCfg = Release|iPhoneSimulator
		{A85DEDFA-C324-4A14-88A0-8C8BD30761CF}.Ad-Hoc|Any CPU.ActiveCfg = Release|Any CPU
		{A85DEDFA-C324-4A14-88A0-8C8BD30761CF}.Ad-Hoc|Any CPU.Build.0 = Release|Any CPU
		{A85DEDFA-C324-4A14-88A0-8C8BD30761CF}.Ad-Hoc|ARM.ActiveCfg = Release|Any CPU
		{A85DEDFA-C324-4A14-88A0-8C8BD30761CF}.Ad-Hoc|ARM.Build.0 = Release|Any CPU
		{A85DEDFA-C324-4A14-88A0-8C8BD30761CF}.Ad-Hoc|ARM64.ActiveCfg = Release|Any CPU
		{A85DEDFA-C324-4A14-88A0-8C8BD30761CF}.Ad-Hoc|ARM64.Build.0 = Release|Any CPU
		{A85DEDFA-C324-4A14-88A0-8C8BD30761CF}.Ad-Hoc|iPhone.ActiveCfg = Release|Any CPU
		{A85DEDFA-C324-4A14-88A0-8C8BD30761CF}.Ad-Hoc|iPhone.Build.0 = Release|Any CPU
		{A85DEDFA-C324-4A14-88A0-8C8BD30761CF}.Ad-Hoc|iPhoneSimulator.ActiveCfg = Release|Any CPU
		{A85DEDFA-C324-4A14-88A0-8C8BD30761CF}.Ad-Hoc|iPhoneSimulator.Build.0 = Release|Any CPU
		{A85DEDFA-C324-4A14-88A0-8C8BD30761CF}.Ad-Hoc|x64.ActiveCfg = Release|Any CPU
		{A85DEDFA-C324-4A14-88A0-8C8BD30761CF}.Ad-Hoc|x64.Build.0 = Release|Any CPU
		{A85DEDFA-C324-4A14-88A0-8C8BD30761CF}.Ad-Hoc|x86.ActiveCfg = Release|Any CPU
		{A85DEDFA-C324-4A14-88A0-8C8BD30761CF}.Ad-Hoc|x86.Build.0 = Release|Any CPU
		{A85DEDFA-C324-4A14-88A0-8C8BD30761CF}.AppStore|Any CPU.ActiveCfg = Release|Any CPU
		{A85DEDFA-C324-4A14-88A0-8C8BD30761CF}.AppStore|Any CPU.Build.0 = Release|Any CPU
		{A85DEDFA-C324-4A14-88A0-8C8BD30761CF}.AppStore|ARM.ActiveCfg = Release|Any CPU
		{A85DEDFA-C324-4A14-88A0-8C8BD30761CF}.AppStore|ARM.Build.0 = Release|Any CPU
		{A85DEDFA-C324-4A14-88A0-8C8BD30761CF}.AppStore|ARM64.ActiveCfg = Release|Any CPU
		{A85DEDFA-C324-4A14-88A0-8C8BD30761CF}.AppStore|ARM64.Build.0 = Release|Any CPU
		{A85DEDFA-C324-4A14-88A0-8C8BD30761CF}.AppStore|iPhone.ActiveCfg = Release|Any CPU
		{A85DEDFA-C324-4A14-88A0-8C8BD30761CF}.AppStore|iPhone.Build.0 = Release|Any CPU
		{A85DEDFA-C324-4A14-88A0-8C8BD30761CF}.AppStore|iPhoneSimulator.ActiveCfg = Release|Any CPU
		{A85DEDFA-C324-4A14-88A0-8C8BD30761CF}.AppStore|iPhoneSimulator.Build.0 = Release|Any CPU
		{A85DEDFA-C324-4A14-88A0-8C8BD30761CF}.AppStore|x64.ActiveCfg = Release|Any CPU
		{A85DEDFA-C324-4A14-88A0-8C8BD30761CF}.AppStore|x64.Build.0 = Release|Any CPU
		{A85DEDFA-C324-4A14-88A0-8C8BD30761CF}.AppStore|x86.ActiveCfg = Release|Any CPU
		{A85DEDFA-C324-4A14-88A0-8C8BD30761CF}.AppStore|x86.Build.0 = Release|Any CPU
		{A85DEDFA-C324-4A14-88A0-8C8BD30761CF}.Debug|Any CPU.ActiveCfg = Debug|Any CPU
		{A85DEDFA-C324-4A14-88A0-8C8BD30761CF}.Debug|Any CPU.Build.0 = Debug|Any CPU
		{A85DEDFA-C324-4A14-88A0-8C8BD30761CF}.Debug|ARM.ActiveCfg = Debug|Any CPU
		{A85DEDFA-C324-4A14-88A0-8C8BD30761CF}.Debug|ARM.Build.0 = Debug|Any CPU
		{A85DEDFA-C324-4A14-88A0-8C8BD30761CF}.Debug|ARM64.ActiveCfg = Debug|Any CPU
		{A85DEDFA-C324-4A14-88A0-8C8BD30761CF}.Debug|ARM64.Build.0 = Debug|Any CPU
		{A85DEDFA-C324-4A14-88A0-8C8BD30761CF}.Debug|iPhone.ActiveCfg = Debug|Any CPU
		{A85DEDFA-C324-4A14-88A0-8C8BD30761CF}.Debug|iPhone.Build.0 = Debug|Any CPU
		{A85DEDFA-C324-4A14-88A0-8C8BD30761CF}.Debug|iPhoneSimulator.ActiveCfg = Debug|Any CPU
		{A85DEDFA-C324-4A14-88A0-8C8BD30761CF}.Debug|iPhoneSimulator.Build.0 = Debug|Any CPU
		{A85DEDFA-C324-4A14-88A0-8C8BD30761CF}.Debug|x64.ActiveCfg = Debug|Any CPU
		{A85DEDFA-C324-4A14-88A0-8C8BD30761CF}.Debug|x64.Build.0 = Debug|Any CPU
		{A85DEDFA-C324-4A14-88A0-8C8BD30761CF}.Debug|x86.ActiveCfg = Debug|Any CPU
		{A85DEDFA-C324-4A14-88A0-8C8BD30761CF}.Debug|x86.Build.0 = Debug|Any CPU
		{A85DEDFA-C324-4A14-88A0-8C8BD30761CF}.Release|Any CPU.ActiveCfg = Release|Any CPU
		{A85DEDFA-C324-4A14-88A0-8C8BD30761CF}.Release|Any CPU.Build.0 = Release|Any CPU
		{A85DEDFA-C324-4A14-88A0-8C8BD30761CF}.Release|ARM.ActiveCfg = Release|Any CPU
		{A85DEDFA-C324-4A14-88A0-8C8BD30761CF}.Release|ARM.Build.0 = Release|Any CPU
		{A85DEDFA-C324-4A14-88A0-8C8BD30761CF}.Release|ARM64.ActiveCfg = Release|Any CPU
		{A85DEDFA-C324-4A14-88A0-8C8BD30761CF}.Release|ARM64.Build.0 = Release|Any CPU
		{A85DEDFA-C324-4A14-88A0-8C8BD30761CF}.Release|iPhone.ActiveCfg = Release|Any CPU
		{A85DEDFA-C324-4A14-88A0-8C8BD30761CF}.Release|iPhone.Build.0 = Release|Any CPU
		{A85DEDFA-C324-4A14-88A0-8C8BD30761CF}.Release|iPhoneSimulator.ActiveCfg = Release|Any CPU
		{A85DEDFA-C324-4A14-88A0-8C8BD30761CF}.Release|iPhoneSimulator.Build.0 = Release|Any CPU
		{A85DEDFA-C324-4A14-88A0-8C8BD30761CF}.Release|x64.ActiveCfg = Release|Any CPU
		{A85DEDFA-C324-4A14-88A0-8C8BD30761CF}.Release|x64.Build.0 = Release|Any CPU
		{A85DEDFA-C324-4A14-88A0-8C8BD30761CF}.Release|x86.ActiveCfg = Release|Any CPU
		{A85DEDFA-C324-4A14-88A0-8C8BD30761CF}.Release|x86.Build.0 = Release|Any CPU
		{98E686C8-9838-4DBC-BF41-6AF4FF39EB5F}.Ad-Hoc|Any CPU.ActiveCfg = Release|Any CPU
		{98E686C8-9838-4DBC-BF41-6AF4FF39EB5F}.Ad-Hoc|Any CPU.Build.0 = Release|Any CPU
		{98E686C8-9838-4DBC-BF41-6AF4FF39EB5F}.Ad-Hoc|ARM.ActiveCfg = Release|Any CPU
		{98E686C8-9838-4DBC-BF41-6AF4FF39EB5F}.Ad-Hoc|ARM.Build.0 = Release|Any CPU
		{98E686C8-9838-4DBC-BF41-6AF4FF39EB5F}.Ad-Hoc|ARM64.ActiveCfg = Release|Any CPU
		{98E686C8-9838-4DBC-BF41-6AF4FF39EB5F}.Ad-Hoc|ARM64.Build.0 = Release|Any CPU
		{98E686C8-9838-4DBC-BF41-6AF4FF39EB5F}.Ad-Hoc|iPhone.ActiveCfg = Release|Any CPU
		{98E686C8-9838-4DBC-BF41-6AF4FF39EB5F}.Ad-Hoc|iPhone.Build.0 = Release|Any CPU
		{98E686C8-9838-4DBC-BF41-6AF4FF39EB5F}.Ad-Hoc|iPhoneSimulator.ActiveCfg = Release|Any CPU
		{98E686C8-9838-4DBC-BF41-6AF4FF39EB5F}.Ad-Hoc|iPhoneSimulator.Build.0 = Release|Any CPU
		{98E686C8-9838-4DBC-BF41-6AF4FF39EB5F}.Ad-Hoc|x64.ActiveCfg = Release|Any CPU
		{98E686C8-9838-4DBC-BF41-6AF4FF39EB5F}.Ad-Hoc|x64.Build.0 = Release|Any CPU
		{98E686C8-9838-4DBC-BF41-6AF4FF39EB5F}.Ad-Hoc|x86.ActiveCfg = Release|Any CPU
		{98E686C8-9838-4DBC-BF41-6AF4FF39EB5F}.Ad-Hoc|x86.Build.0 = Release|Any CPU
		{98E686C8-9838-4DBC-BF41-6AF4FF39EB5F}.AppStore|Any CPU.ActiveCfg = Release|Any CPU
		{98E686C8-9838-4DBC-BF41-6AF4FF39EB5F}.AppStore|Any CPU.Build.0 = Release|Any CPU
		{98E686C8-9838-4DBC-BF41-6AF4FF39EB5F}.AppStore|ARM.ActiveCfg = Release|Any CPU
		{98E686C8-9838-4DBC-BF41-6AF4FF39EB5F}.AppStore|ARM.Build.0 = Release|Any CPU
		{98E686C8-9838-4DBC-BF41-6AF4FF39EB5F}.AppStore|ARM64.ActiveCfg = Release|Any CPU
		{98E686C8-9838-4DBC-BF41-6AF4FF39EB5F}.AppStore|ARM64.Build.0 = Release|Any CPU
		{98E686C8-9838-4DBC-BF41-6AF4FF39EB5F}.AppStore|iPhone.ActiveCfg = Release|Any CPU
		{98E686C8-9838-4DBC-BF41-6AF4FF39EB5F}.AppStore|iPhone.Build.0 = Release|Any CPU
		{98E686C8-9838-4DBC-BF41-6AF4FF39EB5F}.AppStore|iPhoneSimulator.ActiveCfg = Release|Any CPU
		{98E686C8-9838-4DBC-BF41-6AF4FF39EB5F}.AppStore|iPhoneSimulator.Build.0 = Release|Any CPU
		{98E686C8-9838-4DBC-BF41-6AF4FF39EB5F}.AppStore|x64.ActiveCfg = Release|Any CPU
		{98E686C8-9838-4DBC-BF41-6AF4FF39EB5F}.AppStore|x64.Build.0 = Release|Any CPU
		{98E686C8-9838-4DBC-BF41-6AF4FF39EB5F}.AppStore|x86.ActiveCfg = Release|Any CPU
		{98E686C8-9838-4DBC-BF41-6AF4FF39EB5F}.AppStore|x86.Build.0 = Release|Any CPU
		{98E686C8-9838-4DBC-BF41-6AF4FF39EB5F}.Debug|Any CPU.ActiveCfg = Debug|Any CPU
		{98E686C8-9838-4DBC-BF41-6AF4FF39EB5F}.Debug|Any CPU.Build.0 = Debug|Any CPU
		{98E686C8-9838-4DBC-BF41-6AF4FF39EB5F}.Debug|ARM.ActiveCfg = Debug|Any CPU
		{98E686C8-9838-4DBC-BF41-6AF4FF39EB5F}.Debug|ARM.Build.0 = Debug|Any CPU
		{98E686C8-9838-4DBC-BF41-6AF4FF39EB5F}.Debug|ARM64.ActiveCfg = Debug|Any CPU
		{98E686C8-9838-4DBC-BF41-6AF4FF39EB5F}.Debug|ARM64.Build.0 = Debug|Any CPU
		{98E686C8-9838-4DBC-BF41-6AF4FF39EB5F}.Debug|iPhone.ActiveCfg = Debug|Any CPU
		{98E686C8-9838-4DBC-BF41-6AF4FF39EB5F}.Debug|iPhone.Build.0 = Debug|Any CPU
		{98E686C8-9838-4DBC-BF41-6AF4FF39EB5F}.Debug|iPhoneSimulator.ActiveCfg = Debug|Any CPU
		{98E686C8-9838-4DBC-BF41-6AF4FF39EB5F}.Debug|iPhoneSimulator.Build.0 = Debug|Any CPU
		{98E686C8-9838-4DBC-BF41-6AF4FF39EB5F}.Debug|x64.ActiveCfg = Debug|Any CPU
		{98E686C8-9838-4DBC-BF41-6AF4FF39EB5F}.Debug|x64.Build.0 = Debug|Any CPU
		{98E686C8-9838-4DBC-BF41-6AF4FF39EB5F}.Debug|x86.ActiveCfg = Debug|Any CPU
		{98E686C8-9838-4DBC-BF41-6AF4FF39EB5F}.Debug|x86.Build.0 = Debug|Any CPU
		{98E686C8-9838-4DBC-BF41-6AF4FF39EB5F}.Release|Any CPU.ActiveCfg = Release|Any CPU
		{98E686C8-9838-4DBC-BF41-6AF4FF39EB5F}.Release|Any CPU.Build.0 = Release|Any CPU
		{98E686C8-9838-4DBC-BF41-6AF4FF39EB5F}.Release|ARM.ActiveCfg = Release|Any CPU
		{98E686C8-9838-4DBC-BF41-6AF4FF39EB5F}.Release|ARM.Build.0 = Release|Any CPU
		{98E686C8-9838-4DBC-BF41-6AF4FF39EB5F}.Release|ARM64.ActiveCfg = Release|Any CPU
		{98E686C8-9838-4DBC-BF41-6AF4FF39EB5F}.Release|ARM64.Build.0 = Release|Any CPU
		{98E686C8-9838-4DBC-BF41-6AF4FF39EB5F}.Release|iPhone.ActiveCfg = Release|Any CPU
		{98E686C8-9838-4DBC-BF41-6AF4FF39EB5F}.Release|iPhone.Build.0 = Release|Any CPU
		{98E686C8-9838-4DBC-BF41-6AF4FF39EB5F}.Release|iPhoneSimulator.ActiveCfg = Release|Any CPU
		{98E686C8-9838-4DBC-BF41-6AF4FF39EB5F}.Release|iPhoneSimulator.Build.0 = Release|Any CPU
		{98E686C8-9838-4DBC-BF41-6AF4FF39EB5F}.Release|x64.ActiveCfg = Release|Any CPU
		{98E686C8-9838-4DBC-BF41-6AF4FF39EB5F}.Release|x64.Build.0 = Release|Any CPU
		{98E686C8-9838-4DBC-BF41-6AF4FF39EB5F}.Release|x86.ActiveCfg = Release|Any CPU
		{98E686C8-9838-4DBC-BF41-6AF4FF39EB5F}.Release|x86.Build.0 = Release|Any CPU
		{6BD728A9-404E-4F9C-A192-9DD56FE9D808}.Ad-Hoc|Any CPU.ActiveCfg = Release|Any CPU
		{6BD728A9-404E-4F9C-A192-9DD56FE9D808}.Ad-Hoc|Any CPU.Build.0 = Release|Any CPU
		{6BD728A9-404E-4F9C-A192-9DD56FE9D808}.Ad-Hoc|ARM.ActiveCfg = Release|Any CPU
		{6BD728A9-404E-4F9C-A192-9DD56FE9D808}.Ad-Hoc|ARM.Build.0 = Release|Any CPU
		{6BD728A9-404E-4F9C-A192-9DD56FE9D808}.Ad-Hoc|ARM64.ActiveCfg = Release|Any CPU
		{6BD728A9-404E-4F9C-A192-9DD56FE9D808}.Ad-Hoc|ARM64.Build.0 = Release|Any CPU
		{6BD728A9-404E-4F9C-A192-9DD56FE9D808}.Ad-Hoc|iPhone.ActiveCfg = Release|Any CPU
		{6BD728A9-404E-4F9C-A192-9DD56FE9D808}.Ad-Hoc|iPhone.Build.0 = Release|Any CPU
		{6BD728A9-404E-4F9C-A192-9DD56FE9D808}.Ad-Hoc|iPhoneSimulator.ActiveCfg = Release|Any CPU
		{6BD728A9-404E-4F9C-A192-9DD56FE9D808}.Ad-Hoc|iPhoneSimulator.Build.0 = Release|Any CPU
		{6BD728A9-404E-4F9C-A192-9DD56FE9D808}.Ad-Hoc|x64.ActiveCfg = Release|Any CPU
		{6BD728A9-404E-4F9C-A192-9DD56FE9D808}.Ad-Hoc|x64.Build.0 = Release|Any CPU
		{6BD728A9-404E-4F9C-A192-9DD56FE9D808}.Ad-Hoc|x86.ActiveCfg = Release|Any CPU
		{6BD728A9-404E-4F9C-A192-9DD56FE9D808}.Ad-Hoc|x86.Build.0 = Release|Any CPU
		{6BD728A9-404E-4F9C-A192-9DD56FE9D808}.AppStore|Any CPU.ActiveCfg = Release|Any CPU
		{6BD728A9-404E-4F9C-A192-9DD56FE9D808}.AppStore|Any CPU.Build.0 = Release|Any CPU
		{6BD728A9-404E-4F9C-A192-9DD56FE9D808}.AppStore|ARM.ActiveCfg = Release|Any CPU
		{6BD728A9-404E-4F9C-A192-9DD56FE9D808}.AppStore|ARM.Build.0 = Release|Any CPU
		{6BD728A9-404E-4F9C-A192-9DD56FE9D808}.AppStore|ARM64.ActiveCfg = Release|Any CPU
		{6BD728A9-404E-4F9C-A192-9DD56FE9D808}.AppStore|ARM64.Build.0 = Release|Any CPU
		{6BD728A9-404E-4F9C-A192-9DD56FE9D808}.AppStore|iPhone.ActiveCfg = Release|Any CPU
		{6BD728A9-404E-4F9C-A192-9DD56FE9D808}.AppStore|iPhone.Build.0 = Release|Any CPU
		{6BD728A9-404E-4F9C-A192-9DD56FE9D808}.AppStore|iPhoneSimulator.ActiveCfg = Release|Any CPU
		{6BD728A9-404E-4F9C-A192-9DD56FE9D808}.AppStore|iPhoneSimulator.Build.0 = Release|Any CPU
		{6BD728A9-404E-4F9C-A192-9DD56FE9D808}.AppStore|x64.ActiveCfg = Release|Any CPU
		{6BD728A9-404E-4F9C-A192-9DD56FE9D808}.AppStore|x64.Build.0 = Release|Any CPU
		{6BD728A9-404E-4F9C-A192-9DD56FE9D808}.AppStore|x86.ActiveCfg = Release|Any CPU
		{6BD728A9-404E-4F9C-A192-9DD56FE9D808}.AppStore|x86.Build.0 = Release|Any CPU
		{6BD728A9-404E-4F9C-A192-9DD56FE9D808}.Debug|Any CPU.ActiveCfg = Debug|Any CPU
		{6BD728A9-404E-4F9C-A192-9DD56FE9D808}.Debug|Any CPU.Build.0 = Debug|Any CPU
		{6BD728A9-404E-4F9C-A192-9DD56FE9D808}.Debug|ARM.ActiveCfg = Debug|Any CPU
		{6BD728A9-404E-4F9C-A192-9DD56FE9D808}.Debug|ARM.Build.0 = Debug|Any CPU
		{6BD728A9-404E-4F9C-A192-9DD56FE9D808}.Debug|ARM64.ActiveCfg = Debug|Any CPU
		{6BD728A9-404E-4F9C-A192-9DD56FE9D808}.Debug|ARM64.Build.0 = Debug|Any CPU
		{6BD728A9-404E-4F9C-A192-9DD56FE9D808}.Debug|iPhone.ActiveCfg = Debug|Any CPU
		{6BD728A9-404E-4F9C-A192-9DD56FE9D808}.Debug|iPhone.Build.0 = Debug|Any CPU
		{6BD728A9-404E-4F9C-A192-9DD56FE9D808}.Debug|iPhoneSimulator.ActiveCfg = Debug|Any CPU
		{6BD728A9-404E-4F9C-A192-9DD56FE9D808}.Debug|iPhoneSimulator.Build.0 = Debug|Any CPU
		{6BD728A9-404E-4F9C-A192-9DD56FE9D808}.Debug|x64.ActiveCfg = Debug|Any CPU
		{6BD728A9-404E-4F9C-A192-9DD56FE9D808}.Debug|x64.Build.0 = Debug|Any CPU
		{6BD728A9-404E-4F9C-A192-9DD56FE9D808}.Debug|x86.ActiveCfg = Debug|Any CPU
		{6BD728A9-404E-4F9C-A192-9DD56FE9D808}.Debug|x86.Build.0 = Debug|Any CPU
		{6BD728A9-404E-4F9C-A192-9DD56FE9D808}.Release|Any CPU.ActiveCfg = Release|Any CPU
		{6BD728A9-404E-4F9C-A192-9DD56FE9D808}.Release|Any CPU.Build.0 = Release|Any CPU
		{6BD728A9-404E-4F9C-A192-9DD56FE9D808}.Release|ARM.ActiveCfg = Release|Any CPU
		{6BD728A9-404E-4F9C-A192-9DD56FE9D808}.Release|ARM.Build.0 = Release|Any CPU
		{6BD728A9-404E-4F9C-A192-9DD56FE9D808}.Release|ARM64.ActiveCfg = Release|Any CPU
		{6BD728A9-404E-4F9C-A192-9DD56FE9D808}.Release|ARM64.Build.0 = Release|Any CPU
		{6BD728A9-404E-4F9C-A192-9DD56FE9D808}.Release|iPhone.ActiveCfg = Release|Any CPU
		{6BD728A9-404E-4F9C-A192-9DD56FE9D808}.Release|iPhone.Build.0 = Release|Any CPU
		{6BD728A9-404E-4F9C-A192-9DD56FE9D808}.Release|iPhoneSimulator.ActiveCfg = Release|Any CPU
		{6BD728A9-404E-4F9C-A192-9DD56FE9D808}.Release|iPhoneSimulator.Build.0 = Release|Any CPU
		{6BD728A9-404E-4F9C-A192-9DD56FE9D808}.Release|x64.ActiveCfg = Release|Any CPU
		{6BD728A9-404E-4F9C-A192-9DD56FE9D808}.Release|x64.Build.0 = Release|Any CPU
		{6BD728A9-404E-4F9C-A192-9DD56FE9D808}.Release|x86.ActiveCfg = Release|Any CPU
		{6BD728A9-404E-4F9C-A192-9DD56FE9D808}.Release|x86.Build.0 = Release|Any CPU
	EndGlobalSection
	GlobalSection(SolutionProperties) = preSolution
		HideSolutionNode = FALSE
	EndGlobalSection
	GlobalSection(NestedProjects) = preSolution
		{E7BEE708-6671-4A43-BF69-4D21F87B3534} = {DD200535-9983-4699-BF4C-F4D79E8A8E96}
		{FB0F1A9A-12ED-4F28-AC44-D2030F8C8E4A} = {DD200535-9983-4699-BF4C-F4D79E8A8E96}
		{609B562A-5628-4FF8-BF32-F2E21033ACB4} = {DD200535-9983-4699-BF4C-F4D79E8A8E96}
		{22FD4B44-951A-4203-AF34-B3BC652A5839} = {DD200535-9983-4699-BF4C-F4D79E8A8E96}
		{4E7B0EE8-03A4-4190-B539-9765D0E04B9D} = {DD200535-9983-4699-BF4C-F4D79E8A8E96}
		{A85DEDFA-C324-4A14-88A0-8C8BD30761CF} = {DD200535-9983-4699-BF4C-F4D79E8A8E96}
		{98E686C8-9838-4DBC-BF41-6AF4FF39EB5F} = {DD200535-9983-4699-BF4C-F4D79E8A8E96}
		{6BD728A9-404E-4F9C-A192-9DD56FE9D808} = {DD200535-9983-4699-BF4C-F4D79E8A8E96}
	EndGlobalSection
	GlobalSection(ExtensibilityGlobals) = postSolution
		SolutionGuid = {AE73B626-714A-4A33-8EDA-DD2CF6FAC3EE}
	EndGlobalSection
EndGlobal
